
Microsoft Visual Studio Solution File, Format Version 12.00
# Visual Studio Version 16
VisualStudioVersion = 16.0.30517.126
MinimumVisualStudioVersion = 10.0.40219.1
Project("{FAE04EC0-301F-11D3-BF4B-00C04F79EFBC}") = "EvaluacionMatematicas", "EvaluacionMatematicas\EvaluacionMatematicas.csproj", "{3494A463-406F-485E-AD13-02CD8D8BD4F7}"
EndProject
Global
	GlobalSection(SolutionConfigurationPlatforms) = preSolution
		Debug|Any CPU = Debug|Any CPU
		Release|Any CPU = Release|Any CPU
	EndGlobalSection
	GlobalSection(ProjectConfigurationPlatforms) = postSolution
		{3494A463-406F-485E-AD13-02CD8D8BD4F7}.Debug|Any CPU.ActiveCfg = Debug|Any CPU
		{3494A463-406F-485E-AD13-02CD8D8BD4F7}.Debug|Any CPU.Build.0 = Debug|Any CPU
		{3494A463-406F-485E-AD13-02CD8D8BD4F7}.Release|Any CPU.ActiveCfg = Release|Any CPU
		{3494A463-406F-485E-AD13-02CD8D8BD4F7}.Release|Any CPU.Build.0 = Release|Any CPU
	EndGlobalSection
	GlobalSection(SolutionProperties) = preSolution
		HideSolutionNode = FALSE
	EndGlobalSection
	GlobalSection(ExtensibilityGlobals) = postSolution
		SolutionGuid = {2B834C3D-CA37-42F4-9CCC-D91DC6CA978D}
	EndGlobalSection
EndGlobal
